// !$*UTF8*$!
{
	archiveVersion = 1;
	classes = {
	};
	objectVersion = 46;
	objects = {

/* Begin PBXBuildFile section */
		C60C4E64702981AEB26947F7 /* Pods_LCShareView.framework in Frameworks */ = {isa = PBXBuildFile; fileRef = 4131FAA807F532D1D761A880 /* Pods_LCShareView.framework */; };
		D90EF6941D8FB4FE000FE20D /* Main.storyboard in Resources */ = {isa = PBXBuildFile; fileRef = D90EF6931D8FB4FE000FE20D /* Main.storyboard */; };
		D91339CA1D900D38005EBD24 /* CrossDissolveFirstController.swift in Sources */ = {isa = PBXBuildFile; fileRef = D91339C81D900D38005EBD24 /* CrossDissolveFirstController.swift */; };
		D91339CB1D900D38005EBD24 /* CrossDissolveSecondController.swift in Sources */ = {isa = PBXBuildFile; fileRef = D91339C91D900D38005EBD24 /* CrossDissolveSecondController.swift */; };
		D91339CD1D900D95005EBD24 /* HalfWaySpringAnimator.swift in Sources */ = {isa = PBXBuildFile; fileRef = D91339CC1D900D95005EBD24 /* HalfWaySpringAnimator.swift */; };
		D91339CF1D90D2AA005EBD24 /* CrossDissolveAnimator.swift in Sources */ = {isa = PBXBuildFile; fileRef = D91339CE1D90D2AA005EBD24 /* CrossDissolveAnimator.swift */; };
		D91339D21D911FA0005EBD24 /* InteractivityFirstController.swift in Sources */ = {isa = PBXBuildFile; fileRef = D91339D11D911FA0005EBD24 /* InteractivityFirstController.swift */; };
		D91339D41D91201F005EBD24 /* InteractivitySecondController.swift in Sources */ = {isa = PBXBuildFile; fileRef = D91339D31D91201F005EBD24 /* InteractivitySecondController.swift */; };
		D91339D61D912206005EBD24 /* InteractivityTransitionDelegate.swift in Sources */ = {isa = PBXBuildFile; fileRef = D91339D51D912206005EBD24 /* InteractivityTransitionDelegate.swift */; };
		D91339D81D912358005EBD24 /* InteractivityTransitionAnimator.swift in Sources */ = {isa = PBXBuildFile; fileRef = D91339D71D912358005EBD24 /* InteractivityTransitionAnimator.swift */; };
		D91339DA1D912E88005EBD24 /* InteractivityPercentTransition.swift in Sources */ = {isa = PBXBuildFile; fileRef = D91339D91D912E88005EBD24 /* InteractivityPercentTransition.swift */; };
		D91339DD1D914B39005EBD24 /* CustomFirstController.swift in Sources */ = {isa = PBXBuildFile; fileRef = D91339DC1D914B39005EBD24 /* CustomFirstController.swift */; };
		D91339DF1D914B4C005EBD24 /* CustomSecondController.swift in Sources */ = {isa = PBXBuildFile; fileRef = D91339DE1D914B4C005EBD24 /* CustomSecondController.swift */; };
		D91339E11D91526D005EBD24 /* CustomPresentationController.swift in Sources */ = {isa = PBXBuildFile; fileRef = D91339E01D91526D005EBD24 /* CustomPresentationController.swift */; };
		D91339E31D923F3E005EBD24 /* CustomPresentationAnimator.swift in Sources */ = {isa = PBXBuildFile; fileRef = D91339E21D923F3E005EBD24 /* CustomPresentationAnimator.swift */; };
		D91339E61D927816005EBD24 /* FirstCollectionController.swift in Sources */ = {isa = PBXBuildFile; fileRef = D91339E51D927816005EBD24 /* FirstCollectionController.swift */; };
		D91339E81D927A9F005EBD24 /* Thing.swift in Sources */ = {isa = PBXBuildFile; fileRef = D91339E71D927A9F005EBD24 /* Thing.swift */; };
		D91339EA1D927C96005EBD24 /* ThingCell.swift in Sources */ = {isa = PBXBuildFile; fileRef = D91339E91D927C96005EBD24 /* ThingCell.swift */; };
		D91339EC1D929084005EBD24 /* SecondDetailController.swift in Sources */ = {isa = PBXBuildFile; fileRef = D91339EB1D929084005EBD24 /* SecondDetailController.swift */; };
		D91339EE1D929279005EBD24 /* ExpandTransition.swift in Sources */ = {isa = PBXBuildFile; fileRef = D91339ED1D929279005EBD24 /* ExpandTransition.swift */; };
		D91339F01D929CAE005EBD24 /* NavigationPushAnimator.swift in Sources */ = {isa = PBXBuildFile; fileRef = D91339EF1D929CAE005EBD24 /* NavigationPushAnimator.swift */; };
		D91339F21D929CC8005EBD24 /* NavigationPopAnimation.swift in Sources */ = {isa = PBXBuildFile; fileRef = D91339F11D929CC8005EBD24 /* NavigationPopAnimation.swift */; };
		D9DC81001D952F4E00F1AEBB /* NavIntertivityTransitionDelegate.swift in Sources */ = {isa = PBXBuildFile; fileRef = D9DC80FF1D952F4E00F1AEBB /* NavIntertivityTransitionDelegate.swift */; };
		D9F4A01D1D8EAB3800280A2E /* AppDelegate.swift in Sources */ = {isa = PBXBuildFile; fileRef = D9F4A01C1D8EAB3800280A2E /* AppDelegate.swift */; };
		D9F4A01F1D8EAB3800280A2E /* ViewController.swift in Sources */ = {isa = PBXBuildFile; fileRef = D9F4A01E1D8EAB3800280A2E /* ViewController.swift */; };
		D9F4A0241D8EAB3800280A2E /* Assets.xcassets in Resources */ = {isa = PBXBuildFile; fileRef = D9F4A0231D8EAB3800280A2E /* Assets.xcassets */; };
		D9F4A0271D8EAB3800280A2E /* LaunchScreen.storyboard in Resources */ = {isa = PBXBuildFile; fileRef = D9F4A0251D8EAB3800280A2E /* LaunchScreen.storyboard */; };
/* End PBXBuildFile section */

/* Begin PBXFileReference section */
		4131FAA807F532D1D761A880 /* Pods_LCShareView.framework */ = {isa = PBXFileReference; explicitFileType = wrapper.framework; includeInIndex = 0; path = Pods_LCShareView.framework; sourceTree = BUILT_PRODUCTS_DIR; };
		581B2376FC2D19FC9748E563 /* Pods-LCShareView.debug.xcconfig */ = {isa = PBXFileReference; includeInIndex = 1; lastKnownFileType = text.xcconfig; name = "Pods-LCShareView.debug.xcconfig"; path = "Pods/Target Support Files/Pods-LCShareView/Pods-LCShareView.debug.xcconfig"; sourceTree = "<group>"; };
		B2DBA7ECC9C92685F95BB8EB /* Pods-LCShareView.release.xcconfig */ = {isa = PBXFileReference; includeInIndex = 1; lastKnownFileType = text.xcconfig; name = "Pods-LCShareView.release.xcconfig"; path = "Pods/Target Support Files/Pods-LCShareView/Pods-LCShareView.release.xcconfig"; sourceTree = "<group>"; };
		D90EF6931D8FB4FE000FE20D /* Main.storyboard */ = {isa = PBXFileReference; fileEncoding = 4; lastKnownFileType = file.storyboard; path = Main.storyboard; sourceTree = "<group>"; };
		D91339C81D900D38005EBD24 /* CrossDissolveFirstController.swift */ = {isa = PBXFileReference; fileEncoding = 4; lastKnownFileType = sourcecode.swift; path = CrossDissolveFirstController.swift; sourceTree = "<group>"; };
		D91339C91D900D38005EBD24 /* CrossDissolveSecondController.swift */ = {isa = PBXFileReference; fileEncoding = 4; lastKnownFileType = sourcecode.swift; path = CrossDissolveSecondController.swift; sourceTree = "<group>"; };
		D91339CC1D900D95005EBD24 /* HalfWaySpringAnimator.swift */ = {isa = PBXFileReference; fileEncoding = 4; lastKnownFileType = sourcecode.swift; path = HalfWaySpringAnimator.swift; sourceTree = "<group>"; };
		D91339CE1D90D2AA005EBD24 /* CrossDissolveAnimator.swift */ = {isa = PBXFileReference; fileEncoding = 4; lastKnownFileType = sourcecode.swift; path = CrossDissolveAnimator.swift; sourceTree = "<group>"; };
		D91339D11D911FA0005EBD24 /* InteractivityFirstController.swift */ = {isa = PBXFileReference; fileEncoding = 4; lastKnownFileType = sourcecode.swift; path = InteractivityFirstController.swift; sourceTree = "<group>"; };
		D91339D31D91201F005EBD24 /* InteractivitySecondController.swift */ = {isa = PBXFileReference; fileEncoding = 4; lastKnownFileType = sourcecode.swift; path = InteractivitySecondController.swift; sourceTree = "<group>"; };
		D91339D51D912206005EBD24 /* InteractivityTransitionDelegate.swift */ = {isa = PBXFileReference; fileEncoding = 4; lastKnownFileType = sourcecode.swift; path = InteractivityTransitionDelegate.swift; sourceTree = "<group>"; };
		D91339D71D912358005EBD24 /* InteractivityTransitionAnimator.swift */ = {isa = PBXFileReference; fileEncoding = 4; lastKnownFileType = sourcecode.swift; path = InteractivityTransitionAnimator.swift; sourceTree = "<group>"; };
		D91339D91D912E88005EBD24 /* InteractivityPercentTransition.swift */ = {isa = PBXFileReference; fileEncoding = 4; lastKnownFileType = sourcecode.swift; path = InteractivityPercentTransition.swift; sourceTree = "<group>"; };
		D91339DC1D914B39005EBD24 /* CustomFirstController.swift */ = {isa = PBXFileReference; fileEncoding = 4; lastKnownFileType = sourcecode.swift; path = CustomFirstController.swift; sourceTree = "<group>"; };
		D91339DE1D914B4C005EBD24 /* CustomSecondController.swift */ = {isa = PBXFileReference; fileEncoding = 4; lastKnownFileType = sourcecode.swift; path = CustomSecondController.swift; sourceTree = "<group>"; };
		D91339E01D91526D005EBD24 /* CustomPresentationController.swift */ = {isa = PBXFileReference; fileEncoding = 4; lastKnownFileType = sourcecode.swift; path = CustomPresentationController.swift; sourceTree = "<group>"; };
		D91339E21D923F3E005EBD24 /* CustomPresentationAnimator.swift */ = {isa = PBXFileReference; fileEncoding = 4; lastKnownFileType = sourcecode.swift; path = CustomPresentationAnimator.swift; sourceTree = "<group>"; };
		D91339E51D927816005EBD24 /* FirstCollectionController.swift */ = {isa = PBXFileReference; fileEncoding = 4; lastKnownFileType = sourcecode.swift; path = FirstCollectionController.swift; sourceTree = "<group>"; };
		D91339E71D927A9F005EBD24 /* Thing.swift */ = {isa = PBXFileReference; fileEncoding = 4; lastKnownFileType = sourcecode.swift; path = Thing.swift; sourceTree = "<group>"; };
		D91339E91D927C96005EBD24 /* ThingCell.swift */ = {isa = PBXFileReference; fileEncoding = 4; lastKnownFileType = sourcecode.swift; path = ThingCell.swift; sourceTree = "<group>"; };
		D91339EB1D929084005EBD24 /* SecondDetailController.swift */ = {isa = PBXFileReference; fileEncoding = 4; lastKnownFileType = sourcecode.swift; path = SecondDetailController.swift; sourceTree = "<group>"; };
		D91339ED1D929279005EBD24 /* ExpandTransition.swift */ = {isa = PBXFileReference; fileEncoding = 4; lastKnownFileType = sourcecode.swift; path = ExpandTransition.swift; sourceTree = "<group>"; };
		D91339EF1D929CAE005EBD24 /* NavigationPushAnimator.swift */ = {isa = PBXFileReference; fileEncoding = 4; lastKnownFileType = sourcecode.swift; path = NavigationPushAnimator.swift; sourceTree = "<group>"; };
		D91339F11D929CC8005EBD24 /* NavigationPopAnimation.swift */ = {isa = PBXFileReference; fileEncoding = 4; lastKnownFileType = sourcecode.swift; path = NavigationPopAnimation.swift; sourceTree = "<group>"; };
		D9DC80FF1D952F4E00F1AEBB /* NavIntertivityTransitionDelegate.swift */ = {isa = PBXFileReference; fileEncoding = 4; lastKnownFileType = sourcecode.swift; path = NavIntertivityTransitionDelegate.swift; sourceTree = "<group>"; };
		D9F4A0191D8EAB3800280A2E /* LCShareView.app */ = {isa = PBXFileReference; explicitFileType = wrapper.application; includeInIndex = 0; path = LCShareView.app; sourceTree = BUILT_PRODUCTS_DIR; };
		D9F4A01C1D8EAB3800280A2E /* AppDelegate.swift */ = {isa = PBXFileReference; lastKnownFileType = sourcecode.swift; path = AppDelegate.swift; sourceTree = "<group>"; };
		D9F4A01E1D8EAB3800280A2E /* ViewController.swift */ = {isa = PBXFileReference; lastKnownFileType = sourcecode.swift; path = ViewController.swift; sourceTree = "<group>"; };
		D9F4A0231D8EAB3800280A2E /* Assets.xcassets */ = {isa = PBXFileReference; lastKnownFileType = folder.assetcatalog; path = Assets.xcassets; sourceTree = "<group>"; };
		D9F4A0261D8EAB3800280A2E /* Base */ = {isa = PBXFileReference; lastKnownFileType = file.storyboard; name = Base; path = Base.lproj/LaunchScreen.storyboard; sourceTree = "<group>"; };
		D9F4A0281D8EAB3800280A2E /* Info.plist */ = {isa = PBXFileReference; lastKnownFileType = text.plist.xml; path = Info.plist; sourceTree = "<group>"; };
/* End PBXFileReference section */

/* Begin PBXFrameworksBuildPhase section */
		D9F4A0161D8EAB3800280A2E /* Frameworks */ = {
			isa = PBXFrameworksBuildPhase;
			buildActionMask = 2147483647;
			files = (
				C60C4E64702981AEB26947F7 /* Pods_LCShareView.framework in Frameworks */,
			);
			runOnlyForDeploymentPostprocessing = 0;
		};
/* End PBXFrameworksBuildPhase section */

/* Begin PBXGroup section */
		2ADDDE138E27D6B3D23B1258 /* Pods */ = {
			isa = PBXGroup;
			children = (
				581B2376FC2D19FC9748E563 /* Pods-LCShareView.debug.xcconfig */,
				B2DBA7ECC9C92685F95BB8EB /* Pods-LCShareView.release.xcconfig */,
			);
			name = Pods;
			sourceTree = "<group>";
		};
		4CC1FFDF9F5236BAD0F21006 /* Frameworks */ = {
			isa = PBXGroup;
			children = (
				4131FAA807F532D1D761A880 /* Pods_LCShareView.framework */,
			);
			name = Frameworks;
			sourceTree = "<group>";
		};
		D91339C71D900D38005EBD24 /* CrossDissolve */ = {
			isa = PBXGroup;
			children = (
				D91339C81D900D38005EBD24 /* CrossDissolveFirstController.swift */,
				D91339C91D900D38005EBD24 /* CrossDissolveSecondController.swift */,
				D91339CC1D900D95005EBD24 /* HalfWaySpringAnimator.swift */,
				D91339CE1D90D2AA005EBD24 /* CrossDissolveAnimator.swift */,
			);
			path = CrossDissolve;
			sourceTree = "<group>";
		};
		D91339D01D911E5F005EBD24 /* Interactivity */ = {
			isa = PBXGroup;
			children = (
				D91339D11D911FA0005EBD24 /* InteractivityFirstController.swift */,
				D91339D31D91201F005EBD24 /* InteractivitySecondController.swift */,
				D91339D51D912206005EBD24 /* InteractivityTransitionDelegate.swift */,
				D91339D71D912358005EBD24 /* InteractivityTransitionAnimator.swift */,
				D91339D91D912E88005EBD24 /* InteractivityPercentTransition.swift */,
			);
			path = Interactivity;
			sourceTree = "<group>";
		};
		D91339DB1D914B0E005EBD24 /* Custom */ = {
			isa = PBXGroup;
			children = (
				D91339DC1D914B39005EBD24 /* CustomFirstController.swift */,
				D91339DE1D914B4C005EBD24 /* CustomSecondController.swift */,
				D91339E01D91526D005EBD24 /* CustomPresentationController.swift */,
				D91339E21D923F3E005EBD24 /* CustomPresentationAnimator.swift */,
			);
			path = Custom;
			sourceTree = "<group>";
		};
		D91339E41D9277F3005EBD24 /* NavigationTransition */ = {
			isa = PBXGroup;
			children = (
				D91339E51D927816005EBD24 /* FirstCollectionController.swift */,
				D91339EB1D929084005EBD24 /* SecondDetailController.swift */,
				D9DC80FF1D952F4E00F1AEBB /* NavIntertivityTransitionDelegate.swift */,
				D91339ED1D929279005EBD24 /* ExpandTransition.swift */,
				D91339EF1D929CAE005EBD24 /* NavigationPushAnimator.swift */,
				D91339F11D929CC8005EBD24 /* NavigationPopAnimation.swift */,
				D91339E71D927A9F005EBD24 /* Thing.swift */,
				D91339E91D927C96005EBD24 /* ThingCell.swift */,
			);
			name = NavigationTransition;
			path = CollectionTransition;
			sourceTree = "<group>";
		};
		D9F4A0101D8EAB3800280A2E = {
			isa = PBXGroup;
			children = (
				D9F4A01B1D8EAB3800280A2E /* LCShareView */,
				D9F4A01A1D8EAB3800280A2E /* Products */,
				2ADDDE138E27D6B3D23B1258 /* Pods */,
				4CC1FFDF9F5236BAD0F21006 /* Frameworks */,
			);
			sourceTree = "<group>";
		};
		D9F4A01A1D8EAB3800280A2E /* Products */ = {
			isa = PBXGroup;
			children = (
				D9F4A0191D8EAB3800280A2E /* LCShareView.app */,
			);
			name = Products;
			sourceTree = "<group>";
		};
		D9F4A01B1D8EAB3800280A2E /* LCShareView */ = {
			isa = PBXGroup;
			children = (
				D9F4A01C1D8EAB3800280A2E /* AppDelegate.swift */,
				D9F4A01E1D8EAB3800280A2E /* ViewController.swift */,
				D91339C71D900D38005EBD24 /* CrossDissolve */,
				D91339D01D911E5F005EBD24 /* Interactivity */,
				D91339DB1D914B0E005EBD24 /* Custom */,
				D91339E41D9277F3005EBD24 /* NavigationTransition */,
				D90EF6931D8FB4FE000FE20D /* Main.storyboard */,
				D9F4A0231D8EAB3800280A2E /* Assets.xcassets */,
				D9F4A0251D8EAB3800280A2E /* LaunchScreen.storyboard */,
				D9F4A0281D8EAB3800280A2E /* Info.plist */,
			);
			path = LCShareView;
			sourceTree = "<group>";
		};
/* End PBXGroup section */

/* Begin PBXNativeTarget section */
		D9F4A0181D8EAB3800280A2E /* LCShareView */ = {
			isa = PBXNativeTarget;
			buildConfigurationList = D9F4A02B1D8EAB3800280A2E /* Build configuration list for PBXNativeTarget "LCShareView" */;
			buildPhases = (
				B456B55463A840736B9DED35 /* [CP] Check Pods Manifest.lock */,
				D9F4A0151D8EAB3800280A2E /* Sources */,
				D9F4A0161D8EAB3800280A2E /* Frameworks */,
				D9F4A0171D8EAB3800280A2E /* Resources */,
				6009B7FA7A53066A8F3F58F4 /* [CP] Embed Pods Frameworks */,
				921C3498F2DB5A49C7640355 /* [CP] Copy Pods Resources */,
			);
			buildRules = (
			);
			dependencies = (
			);
			name = LCShareView;
			productName = LCShareView;
			productReference = D9F4A0191D8EAB3800280A2E /* LCShareView.app */;
			productType = "com.apple.product-type.application";
		};
/* End PBXNativeTarget section */

/* Begin PBXProject section */
		D9F4A0111D8EAB3800280A2E /* Project object */ = {
			isa = PBXProject;
			attributes = {
				LastSwiftUpdateCheck = 0730;
				LastUpgradeCheck = 0730;
				ORGANIZATIONNAME = "Sean Lee";
				TargetAttributes = {
					D9F4A0181D8EAB3800280A2E = {
						CreatedOnToolsVersion = 7.3.1;
						DevelopmentTeam = DGT9C327YY;
					};
				};
			};
			buildConfigurationList = D9F4A0141D8EAB3800280A2E /* Build configuration list for PBXProject "LCShareView" */;
			compatibilityVersion = "Xcode 3.2";
			developmentRegion = English;
			hasScannedForEncodings = 0;
			knownRegions = (
				en,
				Base,
			);
			mainGroup = D9F4A0101D8EAB3800280A2E;
			productRefGroup = D9F4A01A1D8EAB3800280A2E /* Products */;
			projectDirPath = "";
			projectRoot = "";
			targets = (
				D9F4A0181D8EAB3800280A2E /* LCShareView */,
			);
		};
/* End PBXProject section */

/* Begin PBXResourcesBuildPhase section */
		D9F4A0171D8EAB3800280A2E /* Resources */ = {
			isa = PBXResourcesBuildPhase;
			buildActionMask = 2147483647;
			files = (
				D90EF6941D8FB4FE000FE20D /* Main.storyboard in Resources */,
				D9F4A0271D8EAB3800280A2E /* LaunchScreen.storyboard in Resources */,
				D9F4A0241D8EAB3800280A2E /* Assets.xcassets in Resources */,
			);
			runOnlyForDeploymentPostprocessing = 0;
		};
/* End PBXResourcesBuildPhase section */

/* Begin PBXShellScriptBuildPhase section */
		6009B7FA7A53066A8F3F58F4 /* [CP] Embed Pods Frameworks */ = {
			isa = PBXShellScriptBuildPhase;
			buildActionMask = 2147483647;
			files = (
			);
			inputPaths = (
			);
			name = "[CP] Embed Pods Frameworks";
			outputPaths = (
			);
			runOnlyForDeploymentPostprocessing = 0;
			shellPath = /bin/sh;
			shellScript = "\"${SRCROOT}/Pods/Target Support Files/Pods-LCShareView/Pods-LCShareView-frameworks.sh\"\n";
			showEnvVarsInLog = 0;
		};
		921C3498F2DB5A49C7640355 /* [CP] Copy Pods Resources */ = {
			isa = PBXShellScriptBuildPhase;
			buildActionMask = 2147483647;
			files = (
			);
			inputPaths = (
			);
			name = "[CP] Copy Pods Resources";
			outputPaths = (
			);
			runOnlyForDeploymentPostprocessing = 0;
			shellPath = /bin/sh;
			shellScript = "\"${SRCROOT}/Pods/Target Support Files/Pods-LCShareView/Pods-LCShareView-resources.sh\"\n";
			showEnvVarsInLog = 0;
		};
		B456B55463A840736B9DED35 /* [CP] Check Pods Manifest.lock */ = {
			isa = PBXShellScriptBuildPhase;
			buildActionMask = 2147483647;
			files = (
			);
			inputPaths = (
			);
			name = "[CP] Check Pods Manifest.lock";
			outputPaths = (
			);
			runOnlyForDeploymentPostprocessing = 0;
			shellPath = /bin/sh;
			shellScript = "diff \"${PODS_ROOT}/../Podfile.lock\" \"${PODS_ROOT}/Manifest.lock\" > /dev/null\nif [[ $? != 0 ]] ; then\n    cat << EOM\nerror: The sandbox is not in sync with the Podfile.lock. Run 'pod install' or update your CocoaPods installation.\nEOM\n    exit 1\nfi\n";
			showEnvVarsInLog = 0;
		};
/* End PBXShellScriptBuildPhase section */

/* Begin PBXSourcesBuildPhase section */
		D9F4A0151D8EAB3800280A2E /* Sources */ = {
			isa = PBXSourcesBuildPhase;
			buildActionMask = 2147483647;
			files = (
				D9DC81001D952F4E00F1AEBB /* NavIntertivityTransitionDelegate.swift in Sources */,
				D91339EC1D929084005EBD24 /* SecondDetailController.swift in Sources */,
				D91339E11D91526D005EBD24 /* CustomPresentationController.swift in Sources */,
				D91339DA1D912E88005EBD24 /* InteractivityPercentTransition.swift in Sources */,
				D91339CD1D900D95005EBD24 /* HalfWaySpringAnimator.swift in Sources */,
				D9F4A01F1D8EAB3800280A2E /* ViewController.swift in Sources */,
				D91339E31D923F3E005EBD24 /* CustomPresentationAnimator.swift in Sources */,
				D91339F21D929CC8005EBD24 /* NavigationPopAnimation.swift in Sources */,
				D91339EE1D929279005EBD24 /* ExpandTransition.swift in Sources */,
				D91339CB1D900D38005EBD24 /* CrossDissolveSecondController.swift in Sources */,
				D9F4A01D1D8EAB3800280A2E /* AppDelegate.swift in Sources */,
				D91339DD1D914B39005EBD24 /* CustomFirstController.swift in Sources */,
				D91339D61D912206005EBD24 /* InteractivityTransitionDelegate.swift in Sources */,
				D91339E61D927816005EBD24 /* FirstCollectionController.swift in Sources */,
				D91339EA1D927C96005EBD24 /* ThingCell.swift in Sources */,
				D91339DF1D914B4C005EBD24 /* CustomSecondController.swift in Sources */,
				D91339CF1D90D2AA005EBD24 /* CrossDissolveAnimator.swift in Sources */,
				D91339D21D911FA0005EBD24 /* InteractivityFirstController.swift in Sources */,
				D91339E81D927A9F005EBD24 /* Thing.swift in Sources */,
				D91339F01D929CAE005EBD24 /* NavigationPushAnimator.swift in Sources */,
				D91339D41D91201F005EBD24 /* InteractivitySecondController.swift in Sources */,
				D91339CA1D900D38005EBD24 /* CrossDissolveFirstController.swift in Sources */,
				D91339D81D912358005EBD24 /* InteractivityTransitionAnimator.swift in Sources */,
			);
			runOnlyForDeploymentPostprocessing = 0;
		};
/* End PBXSourcesBuildPhase section */

/* Begin PBXVariantGroup section */
		D9F4A0251D8EAB3800280A2E /* LaunchScreen.storyboard */ = {
			isa = PBXVariantGroup;
			children = (
				D9F4A0261D8EAB3800280A2E /* Base */,
			);
			name = LaunchScreen.storyboard;
			sourceTree = "<group>";
		};
/* End PBXVariantGroup section */

/* Begin XCBuildConfiguration section */
		D9F4A0291D8EAB3800280A2E /* Debug */ = {
			isa = XCBuildConfiguration;
			buildSettings = {
				ALWAYS_SEARCH_USER_PATHS = NO;
				CLANG_ANALYZER_NONNULL = YES;
				CLANG_CXX_LANGUAGE_STANDARD = "gnu++0x";
				CLANG_CXX_LIBRARY = "libc++";
				CLANG_ENABLE_MODULES = YES;
				CLANG_ENABLE_OBJC_ARC = YES;
				CLANG_WARN_BOOL_CONVERSION = YES;
				CLANG_WARN_CONSTANT_CONVERSION = YES;
				CLANG_WARN_DIRECT_OBJC_ISA_USAGE = YES_ERROR;
				CLANG_WARN_EMPTY_BODY = YES;
				CLANG_WARN_ENUM_CONVERSION = YES;
				CLANG_WARN_INT_CONVERSION = YES;
				CLANG_WARN_OBJC_ROOT_CLASS = YES_ERROR;
				CLANG_WARN_UNREACHABLE_CODE = YES;
				CLANG_WARN__DUPLICATE_METHOD_MATCH = YES;
				"CODE_SIGN_IDENTITY[sdk=iphoneos*]" = "iPhone Developer";
				COPY_PHASE_STRIP = NO;
				DEBUG_INFORMATION_FORMAT = dwarf;
				ENABLE_STRICT_OBJC_MSGSEND = YES;
				ENABLE_TESTABILITY = YES;
				GCC_C_LANGUAGE_STANDARD = gnu99;
				GCC_DYNAMIC_NO_PIC = NO;
				GCC_NO_COMMON_BLOCKS = YES;
				GCC_OPTIMIZATION_LEVEL = 0;
				GCC_PREPROCESSOR_DEFINITIONS = (
					"DEBUG=1",
					"$(inherited)",
				);
				GCC_WARN_64_TO_32_BIT_CONVERSION = YES;
				GCC_WARN_ABOUT_RETURN_TYPE = YES_ERROR;
				GCC_WARN_UNDECLARED_SELECTOR = YES;
				GCC_WARN_UNINITIALIZED_AUTOS = YES_AGGRESSIVE;
				GCC_WARN_UNUSED_FUNCTION = YES;
				GCC_WARN_UNUSED_VARIABLE = YES;
				IPHONEOS_DEPLOYMENT_TARGET = 9.3;
				MTL_ENABLE_DEBUG_INFO = YES;
				ONLY_ACTIVE_ARCH = YES;
				SDKROOT = iphoneos;
				SWIFT_OPTIMIZATION_LEVEL = "-Onone";
				TARGETED_DEVICE_FAMILY = "1,2";
			};
			name = Debug;
		};
		D9F4A02A1D8EAB3800280A2E /* Release */ = {
			isa = XCBuildConfiguration;
			buildSettings = {
				ALWAYS_SEARCH_USER_PATHS = NO;
				CLANG_ANALYZER_NONNULL = YES;
				CLANG_CXX_LANGUAGE_STANDARD = "gnu++0x";
				CLANG_CXX_LIBRARY = "libc++";
				CLANG_ENABLE_MODULES = YES;
				CLANG_ENABLE_OBJC_ARC = YES;
				CLANG_WARN_BOOL_CONVERSION = YES;
				CLANG_WARN_CONSTANT_CONVERSION = YES;
				CLANG_WARN_DIRECT_OBJC_ISA_USAGE = YES_ERROR;
				CLANG_WARN_EMPTY_BODY = YES;
				CLANG_WARN_ENUM_CONVERSION = YES;
				CLANG_WARN_INT_CONVERSION = YES;
				CLANG_WARN_OBJC_ROOT_CLASS = YES_ERROR;
				CLANG_WARN_UNREACHABLE_CODE = YES;
				CLANG_WARN__DUPLICATE_METHOD_MATCH = YES;
				"CODE_SIGN_IDENTITY[sdk=iphoneos*]" = "iPhone Developer";
				COPY_PHASE_STRIP = NO;
				DEBUG_INFORMATION_FORMAT = "dwarf-with-dsym";
				ENABLE_NS_ASSERTIONS = NO;
				ENABLE_STRICT_OBJC_MSGSEND = YES;
				GCC_C_LANGUAGE_STANDARD = gnu99;
				GCC_NO_COMMON_BLOCKS = YES;
				GCC_WARN_64_TO_32_BIT_CONVERSION = YES;
				GCC_WARN_ABOUT_RETURN_TYPE = YES_ERROR;
				GCC_WARN_UNDECLARED_SELECTOR = YES;
				GCC_WARN_UNINITIALIZED_AUTOS = YES_AGGRESSIVE;
				GCC_WARN_UNUSED_FUNCTION = YES;
				GCC_WARN_UNUSED_VARIABLE = YES;
				IPHONEOS_DEPLOYMENT_TARGET = 9.3;
				MTL_ENABLE_DEBUG_INFO = NO;
				SDKROOT = iphoneos;
				TARGETED_DEVICE_FAMILY = "1,2";
				VALIDATE_PRODUCT = YES;
			};
			name = Release;
		};
		D9F4A02C1D8EAB3800280A2E /* Debug */ = {
			isa = XCBuildConfiguration;
			baseConfigurationReference = 581B2376FC2D19FC9748E563 /* Pods-LCShareView.debug.xcconfig */;
			buildSettings = {
				ASSETCATALOG_COMPILER_APPICON_NAME = AppIcon;
				CODE_SIGN_IDENTITY = "iPhone Developer";
				"CODE_SIGN_IDENTITY[sdk=iphoneos*]" = "iPhone Developer";
				INFOPLIST_FILE = LCShareView/Info.plist;
				LD_RUNPATH_SEARCH_PATHS = "$(inherited) @executable_path/Frameworks";
				PRODUCT_BUNDLE_IDENTIFIER = Lee.LCShareView;
				PRODUCT_NAME = "$(TARGET_NAME)";
				PROVISIONING_PROFILE = "";
			};
			name = Debug;
		};
		D9F4A02D1D8EAB3800280A2E /* Release */ = {
			isa = XCBuildConfiguration;
			baseConfigurationReference = B2DBA7ECC9C92685F95BB8EB /* Pods-LCShareView.release.xcconfig */;
			buildSettings = {
				ASSETCATALOG_COMPILER_APPICON_NAME = AppIcon;
				CODE_SIGN_IDENTITY = "iPhone Developer";
				"CODE_SIGN_IDENTITY[sdk=iphoneos*]" = "iPhone Developer";
				INFOPLIST_FILE = LCShareView/Info.plist;
				LD_RUNPATH_SEARCH_PATHS = "$(inherited) @executable_path/Frameworks";
				PRODUCT_BUNDLE_IDENTIFIER = Lee.LCShareView;
				PRODUCT_NAME = "$(TARGET_NAME)";
				PROVISIONING_PROFILE = "";
			};
			name = Release;
		};
/* End XCBuildConfiguration section */

/* Begin XCConfigurationList section */
		D9F4A0141D8EAB3800280A2E /* Build configuration list for PBXProject "LCShareView" */ = {
			isa = XCConfigurationList;
			buildConfigurations = (
				D9F4A0291D8EAB3800280A2E /* Debug */,
				D9F4A02A1D8EAB3800280A2E /* Release */,
			);
			defaultConfigurationIsVisible = 0;
			defaultConfigurationName = Release;
		};
		D9F4A02B1D8EAB3800280A2E /* Build configuration list for PBXNativeTarget "LCShareView" */ = {
			isa = XCConfigurationList;
			buildConfigurations = (
				D9F4A02C1D8EAB3800280A2E /* Debug */,
				D9F4A02D1D8EAB3800280A2E /* Release */,
			);
			defaultConfigurationIsVisible = 0;
			defaultConfigurationName = Release;
		};
/* End XCConfigurationList section */
	};
	rootObject = D9F4A0111D8EAB3800280A2E /* Project object */;
}
